
Microsoft Visual Studio Solution File, Format Version 12.00
# Visual Studio Version 17
VisualStudioVersion = 17.2.32317.152
MinimumVisualStudioVersion = 10.0.40219.1
Project("{2150E333-8FDC-42A3-9474-1A3956D46DE8}") = "Solution Items", "Solution Items", "{76FA5897-D9E4-4D9B-9D75-4B18514E36C7}"
	ProjectSection(SolutionItems) = preProject
		ManuallTests.md = ManuallTests.md
		nuget.config = nuget.config
	EndProjectSection
EndProject
Project("{FAE04EC0-301F-11D3-BF4B-00C04F79EFBC}") = "ConsoleApp", "ConsoleApp\ConsoleApp.csproj", "{1DFEABC7-2A00-4A66-B1A7-E68F65768110}"
EndProject
Project("{FAE04EC0-301F-11D3-BF4B-00C04F79EFBC}") = "DbMigrationsNetFramework48", "DbMigrationsNetFramework48\DbMigrationsNetFramework48.csproj", "{FB887B25-741F-43CE-A96E-F50D072E1754}"
EndProject
Project("{FAE04EC0-301F-11D3-BF4B-00C04F79EFBC}") = "DbMigrationsNet31", "DbMigrationsNet31\DbMigrationsNet31.csproj", "{0E5D4059-0B0A-4AE0-B2E7-EE5432C21844}"
EndProject
Project("{FAE04EC0-301F-11D3-BF4B-00C04F79EFBC}") = "DbMigrationsNet6", "DbMigrationsNet6\DbMigrationsNet6.csproj", "{280229EE-A160-404E-8F27-78D1D100DCB9}"
EndProject
Global
	GlobalSection(SolutionConfigurationPlatforms) = preSolution
		Debug|Any CPU = Debug|Any CPU
		Release|Any CPU = Release|Any CPU
	EndGlobalSection
	GlobalSection(ProjectConfigurationPlatforms) = postSolution
		{1DFEABC7-2A00-4A66-B1A7-E68F65768110}.Debug|Any CPU.ActiveCfg = Debug|Any CPU
		{1DFEABC7-2A00-4A66-B1A7-E68F65768110}.Debug|Any CPU.Build.0 = Debug|Any CPU
		{1DFEABC7-2A00-4A66-B1A7-E68F65768110}.Release|Any CPU.ActiveCfg = Release|Any CPU
		{1DFEABC7-2A00-4A66-B1A7-E68F65768110}.Release|Any CPU.Build.0 = Release|Any CPU
		{FB887B25-741F-43CE-A96E-F50D072E1754}.Debug|Any CPU.ActiveCfg = Debug|Any CPU
		{FB887B25-741F-43CE-A96E-F50D072E1754}.Debug|Any CPU.Build.0 = Debug|Any CPU
		{FB887B25-741F-43CE-A96E-F50D072E1754}.Release|Any CPU.ActiveCfg = Release|Any CPU
		{FB887B25-741F-43CE-A96E-F50D072E1754}.Release|Any CPU.Build.0 = Release|Any CPU
		{0E5D4059-0B0A-4AE0-B2E7-EE5432C21844}.Debug|Any CPU.ActiveCfg = Debug|Any CPU
		{0E5D4059-0B0A-4AE0-B2E7-EE5432C21844}.Debug|Any CPU.Build.0 = Debug|Any CPU
		{0E5D4059-0B0A-4AE0-B2E7-EE5432C21844}.Release|Any CPU.ActiveCfg = Release|Any CPU
		{0E5D4059-0B0A-4AE0-B2E7-EE5432C21844}.Release|Any CPU.Build.0 = Release|Any CPU
		{280229EE-A160-404E-8F27-78D1D100DCB9}.Debug|Any CPU.ActiveCfg = Debug|Any CPU
		{280229EE-A160-404E-8F27-78D1D100DCB9}.Debug|Any CPU.Build.0 = Debug|Any CPU
		{280229EE-A160-404E-8F27-78D1D100DCB9}.Release|Any CPU.ActiveCfg = Release|Any CPU
		{280229EE-A160-404E-8F27-78D1D100DCB9}.Release|Any CPU.Build.0 = Release|Any CPU
	EndGlobalSection
	GlobalSection(SolutionProperties) = preSolution
		HideSolutionNode = FALSE
	EndGlobalSection
	GlobalSection(ExtensibilityGlobals) = postSolution
		SolutionGuid = {A5C000EA-6AD0-4CD3-8995-3E1DAC3AB147}
	EndGlobalSection
EndGlobal
