
Microsoft Visual Studio Solution File, Format Version 12.00
# Visual Studio Version 16
VisualStudioVersion = 16.0.29123.88
MinimumVisualStudioVersion = 10.0.40219.1
Project("{2150E333-8FDC-42A3-9474-1A3956D46DE8}") = "Solution Items", "Solution Items", "{76FA5897-D9E4-4D9B-9D75-4B18514E36C7}"
	ProjectSection(SolutionItems) = preProject
		nuget.config = nuget.config
	EndProjectSection
EndProject
Project("{FAE04EC0-301F-11D3-BF4B-00C04F79EFBC}") = "DbMigrations", "DbMigrations\DbMigrations.csproj", "{AE90A1BC-A382-4B1F-93A5-4AC4574A6280}"
EndProject
Project("{FAE04EC0-301F-11D3-BF4B-00C04F79EFBC}") = "ConsoleApp", "ConsoleApp\ConsoleApp.csproj", "{1DFEABC7-2A00-4A66-B1A7-E68F65768110}"
EndProject
Global
	GlobalSection(SolutionConfigurationPlatforms) = preSolution
		Debug|Any CPU = Debug|Any CPU
		Release|Any CPU = Release|Any CPU
	EndGlobalSection
	GlobalSection(ProjectConfigurationPlatforms) = postSolution
		{AE90A1BC-A382-4B1F-93A5-4AC4574A6280}.Debug|Any CPU.ActiveCfg = Debug|Any CPU
		{AE90A1BC-A382-4B1F-93A5-4AC4574A6280}.Debug|Any CPU.Build.0 = Debug|Any CPU
		{AE90A1BC-A382-4B1F-93A5-4AC4574A6280}.Release|Any CPU.ActiveCfg = Release|Any CPU
		{AE90A1BC-A382-4B1F-93A5-4AC4574A6280}.Release|Any CPU.Build.0 = Release|Any CPU
		{1DFEABC7-2A00-4A66-B1A7-E68F65768110}.Debug|Any CPU.ActiveCfg = Debug|Any CPU
		{1DFEABC7-2A00-4A66-B1A7-E68F65768110}.Debug|Any CPU.Build.0 = Debug|Any CPU
		{1DFEABC7-2A00-4A66-B1A7-E68F65768110}.Release|Any CPU.ActiveCfg = Release|Any CPU
		{1DFEABC7-2A00-4A66-B1A7-E68F65768110}.Release|Any CPU.Build.0 = Release|Any CPU
	EndGlobalSection
	GlobalSection(SolutionProperties) = preSolution
		HideSolutionNode = FALSE
	EndGlobalSection
	GlobalSection(ExtensibilityGlobals) = postSolution
		SolutionGuid = {A5C000EA-6AD0-4CD3-8995-3E1DAC3AB147}
	EndGlobalSection
EndGlobal
